
Microsoft Visual Studio Solution File, Format Version 12.00
# Visual Studio Version 17
VisualStudioVersion = 17.4.33213.308
MinimumVisualStudioVersion = 10.0.40219.1
Project("{FAE04EC0-301F-11D3-BF4B-00C04F79EFBC}") = "CarShop228", "CarShop228\CarShop228.csproj", "{BEBA3D82-6614-4908-ADD7-13A0061725E2}"
EndProject
Global
	GlobalSection(SolutionConfigurationPlatforms) = preSolution
		Debug|Any CPU = Debug|Any CPU
		Release|Any CPU = Release|Any CPU
	EndGlobalSection
	GlobalSection(ProjectConfigurationPlatforms) = postSolution
		{BEBA3D82-6614-4908-ADD7-13A0061725E2}.Debug|Any CPU.ActiveCfg = Debug|Any CPU
		{BEBA3D82-6614-4908-ADD7-13A0061725E2}.Debug|Any CPU.Build.0 = Debug|Any CPU
		{BEBA3D82-6614-4908-ADD7-13A0061725E2}.Release|Any CPU.ActiveCfg = Release|Any CPU
		{BEBA3D82-6614-4908-ADD7-13A0061725E2}.Release|Any CPU.Build.0 = Release|Any CPU
	EndGlobalSection
	GlobalSection(SolutionProperties) = preSolution
		HideSolutionNode = FALSE
	EndGlobalSection
	GlobalSection(ExtensibilityGlobals) = postSolution
		SolutionGuid = {B39D898A-F332-4931-8191-1EDDA62C2A8B}
	EndGlobalSection
EndGlobal
